
Microsoft Visual Studio Solution File, Format Version 12.00
# Visual Studio Version 17
VisualStudioVersion = 17.1.32319.34
MinimumVisualStudioVersion = 10.0.40219.1
Project("{9A19103F-16F7-4668-BE54-9A1E7A4F7556}") = "EmployeeTrackerApp", "EmployeeTrackerApp.csproj", "{7309270B-61BB-4A1B-8AAB-F3E8861BEF36}"
EndProject
Project("{2150E333-8FDC-42A3-9474-1A3956D46DE8}") = "Solution Items", "Solution Items", "{E35DF3CA-ECA0-4BFE-A593-D66E399614C5}"
EndProject
Project("{9A19103F-16F7-4668-BE54-9A1E7A4F7556}") = "EmployeeTrackerApp.UnitTests", "..\EmployeeTracker.UnitTests\EmployeeTrackerApp.UnitTests.csproj", "{9D077894-C7F1-4BF2-B5AE-4DC956576C29}"
EndProject
Global
	GlobalSection(SolutionConfigurationPlatforms) = preSolution
		Debug|Any CPU = Debug|Any CPU
		Release|Any CPU = Release|Any CPU
	EndGlobalSection
	GlobalSection(ProjectConfigurationPlatforms) = postSolution
		{7309270B-61BB-4A1B-8AAB-F3E8861BEF36}.Debug|Any CPU.ActiveCfg = Debug|Any CPU
		{7309270B-61BB-4A1B-8AAB-F3E8861BEF36}.Debug|Any CPU.Build.0 = Debug|Any CPU
		{7309270B-61BB-4A1B-8AAB-F3E8861BEF36}.Release|Any CPU.ActiveCfg = Release|Any CPU
		{7309270B-61BB-4A1B-8AAB-F3E8861BEF36}.Release|Any CPU.Build.0 = Release|Any CPU
		{9D077894-C7F1-4BF2-B5AE-4DC956576C29}.Debug|Any CPU.ActiveCfg = Debug|Any CPU
		{9D077894-C7F1-4BF2-B5AE-4DC956576C29}.Debug|Any CPU.Build.0 = Debug|Any CPU
		{9D077894-C7F1-4BF2-B5AE-4DC956576C29}.Release|Any CPU.ActiveCfg = Release|Any CPU
		{9D077894-C7F1-4BF2-B5AE-4DC956576C29}.Release|Any CPU.Build.0 = Release|Any CPU
	EndGlobalSection
	GlobalSection(SolutionProperties) = preSolution
		HideSolutionNode = FALSE
	EndGlobalSection
	GlobalSection(ExtensibilityGlobals) = postSolution
		SolutionGuid = {F62371AA-32D0-4BA7-BC31-BC88213F9DC1}
	EndGlobalSection
EndGlobal
